
Microsoft Visual Studio Solution File, Format Version 12.00
# Visual Studio Version 17
VisualStudioVersion = 17.3.32721.290
MinimumVisualStudioVersion = 10.0.40219.1
Project("{FAE04EC0-301F-11D3-BF4B-00C04F79EFBC}") = "CenterApp.Infrasturcture", "CenterApp.Infrasturcture\CenterApp.Infrasturcture.csproj", "{FE647736-9A91-4172-A637-ABC6903CA57A}"
EndProject
Project("{FAE04EC0-301F-11D3-BF4B-00C04F79EFBC}") = "CenterApp.Core", "CenterApp.Core\CenterApp.Core.csproj", "{91262A04-AC41-46D2-93D2-3B6B08041B3E}"
EndProject
Project("{FAE04EC0-301F-11D3-BF4B-00C04F79EFBC}") = "CenterAppWeb", "CenterAppWeb\CenterAppWeb.csproj", "{45A1EF36-8EE3-4FA0-B74E-24DA980BBE12}"
EndProject
Global
	GlobalSection(SolutionConfigurationPlatforms) = preSolution
		Debug|Any CPU = Debug|Any CPU
		Release|Any CPU = Release|Any CPU
	EndGlobalSection
	GlobalSection(ProjectConfigurationPlatforms) = postSolution
		{FE647736-9A91-4172-A637-ABC6903CA57A}.Debug|Any CPU.ActiveCfg = Debug|Any CPU
		{FE647736-9A91-4172-A637-ABC6903CA57A}.Debug|Any CPU.Build.0 = Debug|Any CPU
		{FE647736-9A91-4172-A637-ABC6903CA57A}.Release|Any CPU.ActiveCfg = Release|Any CPU
		{FE647736-9A91-4172-A637-ABC6903CA57A}.Release|Any CPU.Build.0 = Release|Any CPU
		{91262A04-AC41-46D2-93D2-3B6B08041B3E}.Debug|Any CPU.ActiveCfg = Debug|Any CPU
		{91262A04-AC41-46D2-93D2-3B6B08041B3E}.Debug|Any CPU.Build.0 = Debug|Any CPU
		{91262A04-AC41-46D2-93D2-3B6B08041B3E}.Release|Any CPU.ActiveCfg = Release|Any CPU
		{91262A04-AC41-46D2-93D2-3B6B08041B3E}.Release|Any CPU.Build.0 = Release|Any CPU
		{45A1EF36-8EE3-4FA0-B74E-24DA980BBE12}.Debug|Any CPU.ActiveCfg = Debug|Any CPU
		{45A1EF36-8EE3-4FA0-B74E-24DA980BBE12}.Debug|Any CPU.Build.0 = Debug|Any CPU
		{45A1EF36-8EE3-4FA0-B74E-24DA980BBE12}.Release|Any CPU.ActiveCfg = Release|Any CPU
		{45A1EF36-8EE3-4FA0-B74E-24DA980BBE12}.Release|Any CPU.Build.0 = Release|Any CPU
	EndGlobalSection
	GlobalSection(SolutionProperties) = preSolution
		HideSolutionNode = FALSE
	EndGlobalSection
	GlobalSection(ExtensibilityGlobals) = postSolution
		SolutionGuid = {F015A212-AEC7-4F67-AED6-82EB2CC4B5EC}
	EndGlobalSection
EndGlobal
